
Microsoft Visual Studio Solution File, Format Version 12.00
# Visual Studio 15
VisualStudioVersion = 15.0.28307.168
MinimumVisualStudioVersion = 10.0.40219.1
Project("{9A19103F-16F7-4668-BE54-9A1E7A4F7556}") = "CompileLinkAndRunCore", "CompileLinkAndRunCore\CompileLinkAndRunCore.csproj", "{C66E3BC4-B2F1-425B-94F2-7E5749240F61}"
EndProject
Project("{9A19103F-16F7-4668-BE54-9A1E7A4F7556}") = "ClassLibrary1", "ClassLibrary1\ClassLibrary1.csproj", "{4FD3A98A-52D6-4A16-9BC7-AB8DE9DC60A2}"
EndProject
Project("{9A19103F-16F7-4668-BE54-9A1E7A4F7556}") = "CompileLinkAndRunFramework", "CompileLinkAndRunFramework\CompileLinkAndRunFramework.csproj", "{B668950A-EC77-4DC1-AC77-16EAC3751423}"
EndProject
Global
	GlobalSection(SolutionConfigurationPlatforms) = preSolution
		Debug|Any CPU = Debug|Any CPU
		Release|Any CPU = Release|Any CPU
	EndGlobalSection
	GlobalSection(ProjectConfigurationPlatforms) = postSolution
		{C66E3BC4-B2F1-425B-94F2-7E5749240F61}.Debug|Any CPU.ActiveCfg = Debug|Any CPU
		{C66E3BC4-B2F1-425B-94F2-7E5749240F61}.Debug|Any CPU.Build.0 = Debug|Any CPU
		{C66E3BC4-B2F1-425B-94F2-7E5749240F61}.Release|Any CPU.ActiveCfg = Release|Any CPU
		{C66E3BC4-B2F1-425B-94F2-7E5749240F61}.Release|Any CPU.Build.0 = Release|Any CPU
		{4FD3A98A-52D6-4A16-9BC7-AB8DE9DC60A2}.Debug|Any CPU.ActiveCfg = Debug|Any CPU
		{4FD3A98A-52D6-4A16-9BC7-AB8DE9DC60A2}.Debug|Any CPU.Build.0 = Debug|Any CPU
		{4FD3A98A-52D6-4A16-9BC7-AB8DE9DC60A2}.Release|Any CPU.ActiveCfg = Release|Any CPU
		{4FD3A98A-52D6-4A16-9BC7-AB8DE9DC60A2}.Release|Any CPU.Build.0 = Release|Any CPU
		{B668950A-EC77-4DC1-AC77-16EAC3751423}.Debug|Any CPU.ActiveCfg = Debug|Any CPU
		{B668950A-EC77-4DC1-AC77-16EAC3751423}.Debug|Any CPU.Build.0 = Debug|Any CPU
		{B668950A-EC77-4DC1-AC77-16EAC3751423}.Release|Any CPU.ActiveCfg = Release|Any CPU
		{B668950A-EC77-4DC1-AC77-16EAC3751423}.Release|Any CPU.Build.0 = Release|Any CPU
	EndGlobalSection
	GlobalSection(SolutionProperties) = preSolution
		HideSolutionNode = FALSE
	EndGlobalSection
	GlobalSection(ExtensibilityGlobals) = postSolution
		SolutionGuid = {8467E472-1500-44A7-AD37-232E08B255BD}
	EndGlobalSection
EndGlobal
